
Microsoft Visual Studio Solution File, Format Version 12.00
# Visual Studio Version 16
VisualStudioVersion = 16.0.31515.178
MinimumVisualStudioVersion = 10.0.40219.1
Project("{FAE04EC0-301F-11D3-BF4B-00C04F79EFBC}") = "ProductManagement", "ProductManagement\ProductManagement.csproj", "{9F7F3A94-C70C-4810-83A8-136390E7C4EB}"
EndProject
Global
	GlobalSection(SolutionConfigurationPlatforms) = preSolution
		Debug|Any CPU = Debug|Any CPU
		Release|Any CPU = Release|Any CPU
	EndGlobalSection
	GlobalSection(ProjectConfigurationPlatforms) = postSolution
		{9F7F3A94-C70C-4810-83A8-136390E7C4EB}.Debug|Any CPU.ActiveCfg = Debug|Any CPU
		{9F7F3A94-C70C-4810-83A8-136390E7C4EB}.Debug|Any CPU.Build.0 = Debug|Any CPU
		{9F7F3A94-C70C-4810-83A8-136390E7C4EB}.Release|Any CPU.ActiveCfg = Release|Any CPU
		{9F7F3A94-C70C-4810-83A8-136390E7C4EB}.Release|Any CPU.Build.0 = Release|Any CPU
	EndGlobalSection
	GlobalSection(SolutionProperties) = preSolution
		HideSolutionNode = FALSE
	EndGlobalSection
	GlobalSection(ExtensibilityGlobals) = postSolution
		SolutionGuid = {F7BF7006-F13B-4963-A1F7-AE43675060E8}
	EndGlobalSection
EndGlobal
